# THIS IS AN AUTOGENERATED FILE. DO NOT EDIT THIS FILE DIRECTLY.
# yarn lockfile v1


"@hotwired/stimulus-webpack-helpers@^1.0.0":
  version "1.0.1"
  resolved "https://registry.yarnpkg.com/@hotwired/stimulus-webpack-helpers/-/stimulus-webpack-helpers-1.0.1.tgz#4cd74487adeca576c9865ac2b9fe5cb20cef16dd"
  integrity sha512-wa/zupVG0eWxRYJjC1IiPBdt3Lruv0RqGN+/DTMmUWUyMAEB27KXmVY6a8YpUVTM7QwVuaLNGW4EqDgrS2upXQ==

"@hotwired/stimulus@^3.2.1":
  version "3.2.1"
  resolved "https://registry.yarnpkg.com/@hotwired/stimulus/-/stimulus-3.2.1.tgz#e3de23623b0c52c247aba4cd5d530d257008676b"
  integrity sha512-HGlzDcf9vv/EQrMJ5ZG6VWNs8Z/xMN+1o2OhV1gKiSG6CqZt5MCBB1gRg5ILiN3U0jEAxuDTNPRfBcnZBDmupQ==

"@rails/ujs@^7.0.5":
  version "7.0.5"
  resolved "https://registry.yarnpkg.com/@rails/ujs/-/ujs-7.0.5.tgz#d35a71fe6ecd4ab88bbe4bc6c2f287c992c2de4c"
  integrity sha512-/wQ6v4DGxhxflPWoLwGkOQoKbtIXx/LsVNKd8shRM+/HXxlVBEb+F5znN99TlxX8e/R3dN6anTPAqA+mfA5YtQ==

stimulus@^3.2.1:
  version "3.2.1"
  resolved "https://registry.yarnpkg.com/stimulus/-/stimulus-3.2.1.tgz#bf049a4379ed4ff7475515acce1f0b6fa15a0187"
  integrity sha512-EhpuHnTwtkWrE5m7tQxLBLsi1aE6xJ/9MbB88aKXZSquIC4pCueKJ2AGaF5gq+/BzP7+xvYaVYA0j1dIUuBsgA==
  dependencies:
    "@hotwired/stimulus" "^3.2.1"
    "@hotwired/stimulus-webpack-helpers" "^1.0.0"

typed.js@^2.0.16:
  version "2.0.16"
  resolved "https://registry.yarnpkg.com/typed.js/-/typed.js-2.0.16.tgz#2ba416821ec8a59521466f405784077eddb1d95e"
  integrity sha512-IBB52GlJiTUOnomwdVVf7lWgC6gScn8md+26zTHj5oJWA+4pSuclHE76rbGI2hnyO+NT+QXdIUHbfjAY5nEtcw==

typed@^10.0.0-beta.2:
  version "10.0.0-beta.2"
  resolved "https://registry.yarnpkg.com/typed/-/typed-10.0.0-beta.2.tgz#d08a28cdd98089781f7388b4748921976a21771d"
  integrity sha512-stHFaoVsixvGsL9bD1+pq6rB6+c46VEaOdjgBxl7ezRihiG485A8gmDIw1jheHWKN+VqOKDRXJBJSlfuAjyGRw==
